# -------------------------------------------------------------------------- #
#
# ZX Spectrum for the EP4CE6E22C8 (OMDAZZ / RZ-EasyFPGA A2.2) dev board.
# Adapted from a MiST-board oriented project (spectrum_mist.v, kept in the
# tree for reference but no longer built - see spectrum_top.v).
#
# -------------------------------------------------------------------------- #

set_global_assignment -name FAMILY "Cyclone IV E"
set_global_assignment -name DEVICE EP4CE6E22C8
set_global_assignment -name TOP_LEVEL_ENTITY spectrum_top
set_global_assignment -name ORIGINAL_QUARTUS_VERSION 13.1
set_global_assignment -name LAST_QUARTUS_VERSION 13.1
set_global_assignment -name PROJECT_OUTPUT_DIRECTORY output_files
set_global_assignment -name MIN_CORE_JUNCTION_TEMP 0
set_global_assignment -name MAX_CORE_JUNCTION_TEMP 85
set_global_assignment -name DEVICE_FILTER_PACKAGE EQFP
set_global_assignment -name DEVICE_FILTER_PIN_COUNT 144
set_global_assignment -name DEVICE_FILTER_SPEED_GRADE 8

set_global_assignment -name GENERATE_RBF_FILE ON
set_global_assignment -name FORCE_CONFIGURATION_VCCIO ON
set_global_assignment -name STRATIX_DEVICE_IO_STANDARD "3.3-V LVTTL"

set_global_assignment -name CRC_ERROR_OPEN_DRAIN OFF
set_global_assignment -name RESERVE_DATA0_AFTER_CONFIGURATION "USE AS REGULAR IO"
set_global_assignment -name RESERVE_DATA1_AFTER_CONFIGURATION "USE AS REGULAR IO"
set_global_assignment -name RESERVE_FLASH_NCE_AFTER_CONFIGURATION "USE AS REGULAR IO"
set_global_assignment -name RESERVE_DCLK_AFTER_CONFIGURATION "USE AS REGULAR IO"
set_global_assignment -name OUTPUT_IO_TIMING_NEAR_END_VMEAS "HALF VCCIO" -rise
set_global_assignment -name OUTPUT_IO_TIMING_NEAR_END_VMEAS "HALF VCCIO" -fall
set_global_assignment -name OUTPUT_IO_TIMING_FAR_END_VMEAS "HALF SIGNAL SWING" -rise
set_global_assignment -name OUTPUT_IO_TIMING_FAR_END_VMEAS "HALF SIGNAL SWING" -fall

# ------------------------------------------------------------------ #
# Pin assignments - from the board's documented pin table (board_pins.jpeg)
# ------------------------------------------------------------------ #

# Clock / reset / buttons / LEDs
set_location_assignment PIN_23 -to CLOCK_50
set_location_assignment PIN_25 -to RESET_BTN
set_location_assignment PIN_88 -to KEY[0]
set_location_assignment PIN_89 -to KEY[1]
set_location_assignment PIN_90 -to KEY[2]
set_location_assignment PIN_91 -to KEY[3]
set_location_assignment PIN_87 -to LED[0]
set_location_assignment PIN_86 -to LED[1]
set_location_assignment PIN_85 -to LED[2]
set_location_assignment PIN_84 -to LED[3]

# 7-segment "digital tube" display - shows the current upper RAM page
set_location_assignment PIN_133 -to DIG[0]
set_location_assignment PIN_135 -to DIG[1]
set_location_assignment PIN_136 -to DIG[2]
set_location_assignment PIN_137 -to DIG[3]
set_location_assignment PIN_128 -to SEG[0]
set_location_assignment PIN_121 -to SEG[1]
set_location_assignment PIN_125 -to SEG[2]
set_location_assignment PIN_129 -to SEG[3]
set_location_assignment PIN_132 -to SEG[4]
set_location_assignment PIN_126 -to SEG[5]
set_location_assignment PIN_124 -to SEG[6]
set_location_assignment PIN_127 -to SEG[7]

# VGA - 1 bit per colour on this board
set_location_assignment PIN_101 -to VGA_HS
set_location_assignment PIN_103 -to VGA_VS
set_location_assignment PIN_106 -to VGA_R
set_location_assignment PIN_105 -to VGA_G
set_location_assignment PIN_104 -to VGA_B

# PS/2 keyboard
set_location_assignment PIN_119 -to PS2_CLK
set_location_assignment PIN_120 -to PS2_DATA

# Onboard piezo buzzer, used as mono audio out
set_location_assignment PIN_110 -to BEEP

# SD card SPI - reusing the board's unused I2C header pins (SCL/SDA and
# I2C_SCL/I2C_SDA). Not populated on the board itself; wire an SD card
# breakout module here. Do not also use the onboard AT24C08 EEPROM or
# LM75A sensor at the same time, they share this header.
#
# Tried on the LCD header (SCK 10, MOSI 7, CS 2, MISO 11 - its D5, D6,
# D4, D7) and moved back. That header is the 20-pin LCD12864 layout, so
# the FPGA-connected data lines sit at positions 11..14 while power is
# at 19/20; a module plugged into the end lands its signals on PSB, NC,
# RST and VOUT, which go nowhere. Wiring it across with jumpers did not
# initialise the card either.
set_location_assignment PIN_112 -to SD_SCK
set_location_assignment PIN_113 -to SD_MOSI
set_location_assignment PIN_99 -to SD_CS
set_location_assignment PIN_98 -to SD_MISO

# SDRAM - 64Mbit, 4M x16 x4 banks, 12-bit row / 8-bit column address
set_location_assignment PIN_76 -to SDRAM_A[0]
set_location_assignment PIN_77 -to SDRAM_A[1]
set_location_assignment PIN_80 -to SDRAM_A[2]
set_location_assignment PIN_83 -to SDRAM_A[3]
set_location_assignment PIN_68 -to SDRAM_A[4]
set_location_assignment PIN_67 -to SDRAM_A[5]
set_location_assignment PIN_66 -to SDRAM_A[6]
set_location_assignment PIN_65 -to SDRAM_A[7]
set_location_assignment PIN_64 -to SDRAM_A[8]
set_location_assignment PIN_60 -to SDRAM_A[9]
set_location_assignment PIN_75 -to SDRAM_A[10]
set_location_assignment PIN_59 -to SDRAM_A[11]
set_location_assignment PIN_28 -to SDRAM_DQ[0]
set_location_assignment PIN_30 -to SDRAM_DQ[1]
set_location_assignment PIN_31 -to SDRAM_DQ[2]
set_location_assignment PIN_32 -to SDRAM_DQ[3]
set_location_assignment PIN_33 -to SDRAM_DQ[4]
set_location_assignment PIN_34 -to SDRAM_DQ[5]
set_location_assignment PIN_38 -to SDRAM_DQ[6]
set_location_assignment PIN_39 -to SDRAM_DQ[7]
set_location_assignment PIN_54 -to SDRAM_DQ[8]
set_location_assignment PIN_53 -to SDRAM_DQ[9]
set_location_assignment PIN_52 -to SDRAM_DQ[10]
set_location_assignment PIN_51 -to SDRAM_DQ[11]
set_location_assignment PIN_50 -to SDRAM_DQ[12]
set_location_assignment PIN_49 -to SDRAM_DQ[13]
set_location_assignment PIN_46 -to SDRAM_DQ[14]
set_location_assignment PIN_44 -to SDRAM_DQ[15]
set_location_assignment PIN_73 -to SDRAM_BA[0]
set_location_assignment PIN_74 -to SDRAM_BA[1]
set_location_assignment PIN_42 -to SDRAM_DQML
set_location_assignment PIN_55 -to SDRAM_DQMH
set_location_assignment PIN_71 -to SDRAM_nRAS
set_location_assignment PIN_70 -to SDRAM_nCAS
set_location_assignment PIN_69 -to SDRAM_nWE
set_location_assignment PIN_72 -to SDRAM_nCS
set_location_assignment PIN_58 -to SDRAM_CKE
set_location_assignment PIN_43 -to SDRAM_CLK

set_global_assignment -name ENABLE_CONFIGURATION_PINS OFF
set_global_assignment -name ENABLE_NCE_PIN OFF
set_global_assignment -name ENABLE_BOOT_SEL_PIN OFF
set_global_assignment -name USE_CONFIGURATION_DEVICE OFF
set_global_assignment -name CYCLONEII_RESERVE_NCEO_AFTER_CONFIGURATION "USE AS REGULAR IO"

set_instance_assignment -name WEAK_PULL_UP_RESISTOR ON -to PS2_CLK
set_instance_assignment -name WEAK_PULL_UP_RESISTOR ON -to PS2_DATA
set_instance_assignment -name WEAK_PULL_UP_RESISTOR ON -to SD_MISO

set_instance_assignment -name FAST_OUTPUT_REGISTER ON -to SDRAM_DQ[0]
set_instance_assignment -name FAST_OUTPUT_REGISTER ON -to SDRAM_DQ[1]
set_instance_assignment -name FAST_OUTPUT_REGISTER ON -to SDRAM_DQ[2]
set_instance_assignment -name FAST_OUTPUT_REGISTER ON -to SDRAM_DQ[3]
set_instance_assignment -name FAST_OUTPUT_REGISTER ON -to SDRAM_DQ[4]
set_instance_assignment -name FAST_OUTPUT_REGISTER ON -to SDRAM_DQ[5]
set_instance_assignment -name FAST_OUTPUT_REGISTER ON -to SDRAM_DQ[6]
set_instance_assignment -name FAST_OUTPUT_REGISTER ON -to SDRAM_DQ[7]
set_instance_assignment -name FAST_OUTPUT_REGISTER ON -to SDRAM_DQ[8]
set_instance_assignment -name FAST_OUTPUT_REGISTER ON -to SDRAM_DQ[9]
set_instance_assignment -name FAST_OUTPUT_REGISTER ON -to SDRAM_DQ[10]
set_instance_assignment -name FAST_OUTPUT_REGISTER ON -to SDRAM_DQ[11]
set_instance_assignment -name FAST_OUTPUT_REGISTER ON -to SDRAM_DQ[12]
set_instance_assignment -name FAST_OUTPUT_REGISTER ON -to SDRAM_DQ[13]
set_instance_assignment -name FAST_OUTPUT_REGISTER ON -to SDRAM_DQ[14]
set_instance_assignment -name FAST_OUTPUT_REGISTER ON -to SDRAM_DQ[15]
set_instance_assignment -name FAST_OUTPUT_REGISTER ON -to SDRAM_A[0]
set_instance_assignment -name FAST_OUTPUT_REGISTER ON -to SDRAM_A[1]
set_instance_assignment -name FAST_OUTPUT_REGISTER ON -to SDRAM_A[2]
set_instance_assignment -name FAST_OUTPUT_REGISTER ON -to SDRAM_A[3]
set_instance_assignment -name FAST_OUTPUT_REGISTER ON -to SDRAM_A[4]
set_instance_assignment -name FAST_OUTPUT_REGISTER ON -to SDRAM_A[5]
set_instance_assignment -name FAST_OUTPUT_REGISTER ON -to SDRAM_A[6]
set_instance_assignment -name FAST_OUTPUT_REGISTER ON -to SDRAM_A[7]
set_instance_assignment -name FAST_OUTPUT_REGISTER ON -to SDRAM_A[8]
set_instance_assignment -name FAST_OUTPUT_REGISTER ON -to SDRAM_A[9]
set_instance_assignment -name FAST_OUTPUT_REGISTER ON -to SDRAM_A[10]
set_instance_assignment -name FAST_OUTPUT_REGISTER ON -to SDRAM_A[11]
set_instance_assignment -name FAST_OUTPUT_REGISTER ON -to SDRAM_BA[0]
set_instance_assignment -name FAST_OUTPUT_REGISTER ON -to SDRAM_BA[1]
set_instance_assignment -name FAST_OUTPUT_REGISTER ON -to SDRAM_DQMH
set_instance_assignment -name FAST_OUTPUT_REGISTER ON -to SDRAM_DQML
set_instance_assignment -name FAST_OUTPUT_REGISTER ON -to SDRAM_nRAS
set_instance_assignment -name FAST_OUTPUT_REGISTER ON -to SDRAM_nCAS
set_instance_assignment -name FAST_OUTPUT_REGISTER ON -to SDRAM_nWE
set_instance_assignment -name FAST_OUTPUT_REGISTER ON -to SDRAM_nCS
set_instance_assignment -name FAST_OUTPUT_ENABLE_REGISTER ON -to SDRAM_DQ[0]
set_instance_assignment -name FAST_OUTPUT_ENABLE_REGISTER ON -to SDRAM_DQ[1]
set_instance_assignment -name FAST_OUTPUT_ENABLE_REGISTER ON -to SDRAM_DQ[2]
set_instance_assignment -name FAST_OUTPUT_ENABLE_REGISTER ON -to SDRAM_DQ[3]
set_instance_assignment -name FAST_OUTPUT_ENABLE_REGISTER ON -to SDRAM_DQ[4]
set_instance_assignment -name FAST_OUTPUT_ENABLE_REGISTER ON -to SDRAM_DQ[5]
set_instance_assignment -name FAST_OUTPUT_ENABLE_REGISTER ON -to SDRAM_DQ[6]
set_instance_assignment -name FAST_OUTPUT_ENABLE_REGISTER ON -to SDRAM_DQ[7]
set_instance_assignment -name FAST_OUTPUT_ENABLE_REGISTER ON -to SDRAM_DQ[8]
set_instance_assignment -name FAST_OUTPUT_ENABLE_REGISTER ON -to SDRAM_DQ[9]
set_instance_assignment -name FAST_OUTPUT_ENABLE_REGISTER ON -to SDRAM_DQ[10]
set_instance_assignment -name FAST_OUTPUT_ENABLE_REGISTER ON -to SDRAM_DQ[11]
set_instance_assignment -name FAST_OUTPUT_ENABLE_REGISTER ON -to SDRAM_DQ[12]
set_instance_assignment -name FAST_OUTPUT_ENABLE_REGISTER ON -to SDRAM_DQ[13]
set_instance_assignment -name FAST_OUTPUT_ENABLE_REGISTER ON -to SDRAM_DQ[14]
set_instance_assignment -name FAST_OUTPUT_ENABLE_REGISTER ON -to SDRAM_DQ[15]
set_instance_assignment -name FAST_INPUT_REGISTER ON -to SDRAM_DQ[0]
set_instance_assignment -name FAST_INPUT_REGISTER ON -to SDRAM_DQ[1]
set_instance_assignment -name FAST_INPUT_REGISTER ON -to SDRAM_DQ[2]
set_instance_assignment -name FAST_INPUT_REGISTER ON -to SDRAM_DQ[3]
set_instance_assignment -name FAST_INPUT_REGISTER ON -to SDRAM_DQ[4]
set_instance_assignment -name FAST_INPUT_REGISTER ON -to SDRAM_DQ[5]
set_instance_assignment -name FAST_INPUT_REGISTER ON -to SDRAM_DQ[6]
set_instance_assignment -name FAST_INPUT_REGISTER ON -to SDRAM_DQ[7]
set_instance_assignment -name FAST_INPUT_REGISTER ON -to SDRAM_DQ[8]
set_instance_assignment -name FAST_INPUT_REGISTER ON -to SDRAM_DQ[9]
set_instance_assignment -name FAST_INPUT_REGISTER ON -to SDRAM_DQ[10]
set_instance_assignment -name FAST_INPUT_REGISTER ON -to SDRAM_DQ[11]
set_instance_assignment -name FAST_INPUT_REGISTER ON -to SDRAM_DQ[12]
set_instance_assignment -name FAST_INPUT_REGISTER ON -to SDRAM_DQ[13]
set_instance_assignment -name FAST_INPUT_REGISTER ON -to SDRAM_DQ[14]
set_instance_assignment -name FAST_INPUT_REGISTER ON -to SDRAM_DQ[15]
set_instance_assignment -name GLOBAL_SIGNAL "GLOBAL CLOCK" -to SDRAM_CLK
set_instance_assignment -name CURRENT_STRENGTH_NEW 4MA -to SDRAM_A[0]
set_instance_assignment -name CURRENT_STRENGTH_NEW 4MA -to SDRAM_A[1]
set_instance_assignment -name CURRENT_STRENGTH_NEW 4MA -to SDRAM_A[2]
set_instance_assignment -name CURRENT_STRENGTH_NEW 4MA -to SDRAM_A[3]
set_instance_assignment -name CURRENT_STRENGTH_NEW 4MA -to SDRAM_A[4]
set_instance_assignment -name CURRENT_STRENGTH_NEW 4MA -to SDRAM_A[5]
set_instance_assignment -name CURRENT_STRENGTH_NEW 4MA -to SDRAM_A[6]
set_instance_assignment -name CURRENT_STRENGTH_NEW 4MA -to SDRAM_A[7]
set_instance_assignment -name CURRENT_STRENGTH_NEW 4MA -to SDRAM_A[8]
set_instance_assignment -name CURRENT_STRENGTH_NEW 4MA -to SDRAM_A[9]
set_instance_assignment -name CURRENT_STRENGTH_NEW 4MA -to SDRAM_A[10]
set_instance_assignment -name CURRENT_STRENGTH_NEW 4MA -to SDRAM_A[11]
set_instance_assignment -name CURRENT_STRENGTH_NEW 4MA -to SDRAM_DQ[0]
set_instance_assignment -name CURRENT_STRENGTH_NEW 4MA -to SDRAM_DQ[1]
set_instance_assignment -name CURRENT_STRENGTH_NEW 4MA -to SDRAM_DQ[2]
set_instance_assignment -name CURRENT_STRENGTH_NEW 4MA -to SDRAM_DQ[3]
set_instance_assignment -name CURRENT_STRENGTH_NEW 4MA -to SDRAM_DQ[4]
set_instance_assignment -name CURRENT_STRENGTH_NEW 4MA -to SDRAM_DQ[5]
set_instance_assignment -name CURRENT_STRENGTH_NEW 4MA -to SDRAM_DQ[6]
set_instance_assignment -name CURRENT_STRENGTH_NEW 4MA -to SDRAM_DQ[7]
set_instance_assignment -name CURRENT_STRENGTH_NEW 4MA -to SDRAM_DQ[8]
set_instance_assignment -name CURRENT_STRENGTH_NEW 4MA -to SDRAM_DQ[9]
set_instance_assignment -name CURRENT_STRENGTH_NEW 4MA -to SDRAM_DQ[10]
set_instance_assignment -name CURRENT_STRENGTH_NEW 4MA -to SDRAM_DQ[11]
set_instance_assignment -name CURRENT_STRENGTH_NEW 4MA -to SDRAM_DQ[12]
set_instance_assignment -name CURRENT_STRENGTH_NEW 4MA -to SDRAM_DQ[13]
set_instance_assignment -name CURRENT_STRENGTH_NEW 4MA -to SDRAM_DQ[14]
set_instance_assignment -name CURRENT_STRENGTH_NEW 4MA -to SDRAM_DQ[15]
set_instance_assignment -name CURRENT_STRENGTH_NEW 4MA -to SDRAM_BA[0]
set_instance_assignment -name CURRENT_STRENGTH_NEW 4MA -to SDRAM_BA[1]
set_instance_assignment -name CURRENT_STRENGTH_NEW 4MA -to SDRAM_DQML
set_instance_assignment -name CURRENT_STRENGTH_NEW 4MA -to SDRAM_DQMH
set_instance_assignment -name CURRENT_STRENGTH_NEW 4MA -to SDRAM_nRAS
set_instance_assignment -name CURRENT_STRENGTH_NEW 4MA -to SDRAM_nCAS
set_instance_assignment -name CURRENT_STRENGTH_NEW 4MA -to SDRAM_nWE
set_instance_assignment -name CURRENT_STRENGTH_NEW 4MA -to SDRAM_nCS
set_instance_assignment -name CURRENT_STRENGTH_NEW 4MA -to SDRAM_CKE
set_instance_assignment -name CURRENT_STRENGTH_NEW 4MA -to SDRAM_CLK

set_global_assignment -name ALLOW_POWER_UP_DONT_CARE ON
set_global_assignment -name SYNTH_TIMING_DRIVEN_SYNTHESIS ON
set_global_assignment -name OPTIMIZE_HOLD_TIMING "ALL PATHS"
set_global_assignment -name OPTIMIZE_MULTI_CORNER_TIMING ON
set_global_assignment -name FITTER_EFFORT "AUTO FIT"

set_global_assignment -name VERILOG_FILE sdram_ep4ce.v
set_global_assignment -name VERILOG_FILE spi.v
set_global_assignment -name VERILOG_FILE sigma_delta_dac.v
set_global_assignment -name VERILOG_FILE YM2149/YM2149_volmix.v
set_global_assignment -name VERILOG_FILE YM2149/vol_table_array.v
set_global_assignment -name VERILOG_FILE T80/T80se.v
set_global_assignment -name VERILOG_FILE T80/T80_Reg.v
set_global_assignment -name VERILOG_FILE T80/T80_MCode.v
set_global_assignment -name VERILOG_FILE T80/T80_ALU.v
set_global_assignment -name VERILOG_FILE T80/T80.v
set_global_assignment -name VERILOG_FILE clocks.v
set_global_assignment -name VERILOG_FILE keyboard.v
set_global_assignment -name VERILOG_FILE pll_ep4ce.v
set_global_assignment -name VERILOG_FILE ps2_intf.v
set_global_assignment -name VERILOG_FILE spectrum_top.v
set_global_assignment -name VERILOG_FILE ula_port.v
set_global_assignment -name VERILOG_FILE bdi.v
set_global_assignment -name VERILOG_FILE zcontroller.v
set_global_assignment -name VERILOG_FILE video.v
set_global_assignment -name VERILOG_FILE rom48.v
set_global_assignment -name VERILOG_FILE rom128.v
set_global_assignment -name VERILOG_FILE rom_esxdos.v
set_global_assignment -name VERILOG_FILE divmmc.v

set_global_assignment -name EDA_SIMULATION_TOOL "ModelSim-Altera (Verilog)"
set_global_assignment -name EDA_OUTPUT_DATA_FORMAT "VERILOG HDL" -section_id eda_simulation

set_global_assignment -name PARTITION_NETLIST_TYPE SOURCE -section_id Top
set_global_assignment -name PARTITION_FITTER_PRESERVATION_LEVEL PLACEMENT_AND_ROUTING -section_id Top
set_global_assignment -name PARTITION_COLOR 16764057 -section_id Top
set_instance_assignment -name PARTITION_HIERARCHY root_partition -to | -section_id Top
